
Microsoft Visual Studio Solution File, Format Version 12.00
# Visual Studio Version 16
VisualStudioVersion = 16.0.31702.278
MinimumVisualStudioVersion = 10.0.40219.1
Project("{FAE04EC0-301F-11D3-BF4B-00C04F79EFBC}") = "Exercicio 7", "Exercicio 7\Exercicio 7.csproj", "{3A6CE91A-1E83-4DB9-BEC1-395F67656E5D}"
EndProject
Global
	GlobalSection(SolutionConfigurationPlatforms) = preSolution
		Debug|Any CPU = Debug|Any CPU
		Release|Any CPU = Release|Any CPU
	EndGlobalSection
	GlobalSection(ProjectConfigurationPlatforms) = postSolution
		{3A6CE91A-1E83-4DB9-BEC1-395F67656E5D}.Debug|Any CPU.ActiveCfg = Debug|Any CPU
		{3A6CE91A-1E83-4DB9-BEC1-395F67656E5D}.Debug|Any CPU.Build.0 = Debug|Any CPU
		{3A6CE91A-1E83-4DB9-BEC1-395F67656E5D}.Release|Any CPU.ActiveCfg = Release|Any CPU
		{3A6CE91A-1E83-4DB9-BEC1-395F67656E5D}.Release|Any CPU.Build.0 = Release|Any CPU
	EndGlobalSection
	GlobalSection(SolutionProperties) = preSolution
		HideSolutionNode = FALSE
	EndGlobalSection
	GlobalSection(ExtensibilityGlobals) = postSolution
		SolutionGuid = {EAA63C4D-AA3D-488C-B084-F24CC4C50BDF}
	EndGlobalSection
EndGlobal
